
Microsoft Visual Studio Solution File, Format Version 12.00
# Visual Studio Version 16
VisualStudioVersion = 16.0.29709.97
MinimumVisualStudioVersion = 10.0.40219.1
Project("{FAE04EC0-301F-11D3-BF4B-00C04F79EFBC}") = "Twitch-Farmer-Project", "Twitch-Farmer-Project\Twitch-Farmer-Project.csproj", "{CFD4127C-A853-43E3-9C21-3901211A4567}"
EndProject
Global
	GlobalSection(SolutionConfigurationPlatforms) = preSolution
		Debug|Any CPU = Debug|Any CPU
		Release|Any CPU = Release|Any CPU
	EndGlobalSection
	GlobalSection(ProjectConfigurationPlatforms) = postSolution
		{CFD4127C-A853-43E3-9C21-3901211A4567}.Debug|Any CPU.ActiveCfg = Debug|Any CPU
		{CFD4127C-A853-43E3-9C21-3901211A4567}.Debug|Any CPU.Build.0 = Debug|Any CPU
		{CFD4127C-A853-43E3-9C21-3901211A4567}.Release|Any CPU.ActiveCfg = Release|Any CPU
		{CFD4127C-A853-43E3-9C21-3901211A4567}.Release|Any CPU.Build.0 = Release|Any CPU
	EndGlobalSection
	GlobalSection(SolutionProperties) = preSolution
		HideSolutionNode = FALSE
	EndGlobalSection
	GlobalSection(ExtensibilityGlobals) = postSolution
		SolutionGuid = {6833A867-835F-4F5C-9C94-79D32460256C}
	EndGlobalSection
EndGlobal
